
Microsoft Visual Studio Solution File, Format Version 12.00
# Visual Studio Version 17
VisualStudioVersion = 17.11.35222.181
MinimumVisualStudioVersion = 10.0.40219.1
Project("{9A19103F-16F7-4668-BE54-9A1E7A4F7556}") = "Задание 2", "Задание 2\Задание 2.csproj", "{48F8952E-F673-4C00-9EB0-828C4F62AEAF}"
EndProject
Project("{9A19103F-16F7-4668-BE54-9A1E7A4F7556}") = "Тумаков - Лабораторная 3 главы", "Тумаков - Лабораторная 3 главы\Тумаков - Лабораторная 3 главы.csproj", "{B2343F27-9BB0-43E9-B0A9-B80364089D7A}"
EndProject
Global
	GlobalSection(SolutionConfigurationPlatforms) = preSolution
		Debug|Any CPU = Debug|Any CPU
		Release|Any CPU = Release|Any CPU
	EndGlobalSection
	GlobalSection(ProjectConfigurationPlatforms) = postSolution
		{48F8952E-F673-4C00-9EB0-828C4F62AEAF}.Debug|Any CPU.ActiveCfg = Debug|Any CPU
		{48F8952E-F673-4C00-9EB0-828C4F62AEAF}.Debug|Any CPU.Build.0 = Debug|Any CPU
		{48F8952E-F673-4C00-9EB0-828C4F62AEAF}.Release|Any CPU.ActiveCfg = Release|Any CPU
		{48F8952E-F673-4C00-9EB0-828C4F62AEAF}.Release|Any CPU.Build.0 = Release|Any CPU
		{B2343F27-9BB0-43E9-B0A9-B80364089D7A}.Debug|Any CPU.ActiveCfg = Debug|Any CPU
		{B2343F27-9BB0-43E9-B0A9-B80364089D7A}.Debug|Any CPU.Build.0 = Debug|Any CPU
		{B2343F27-9BB0-43E9-B0A9-B80364089D7A}.Release|Any CPU.ActiveCfg = Release|Any CPU
		{B2343F27-9BB0-43E9-B0A9-B80364089D7A}.Release|Any CPU.Build.0 = Release|Any CPU
	EndGlobalSection
	GlobalSection(SolutionProperties) = preSolution
		HideSolutionNode = FALSE
	EndGlobalSection
	GlobalSection(ExtensibilityGlobals) = postSolution
		SolutionGuid = {9D7F51E2-D291-40E9-A71C-480A1D25D814}
	EndGlobalSection
EndGlobal
